<?xml version="1.0" encoding="utf-8"?>
<Project ToolsVersion="4.0" xmlns="http://schemas.microsoft.com/developer/msbuild/2003">
  <ItemGroup>
    <ClCompile Include="..\glf\02utility\glf_arcball.cpp">
      <Filter>02utility</Filter>
    </ClCompile>
    <ClCompile Include="..\glf\02utility\glf_camera.cpp">
      <Filter>02utility</Filter>
    </ClCompile>
    <ClCompile Include="..\glf\00system\glf_log.cpp">
      <Filter>00system</Filter>
    </ClCompile>
    <ClCompile Include="..\glf\01api\glf_framebuffer.cpp">
      <Filter>01api</Filter>
    </ClCompile>
    <ClCompile Include="..\glf\01api\glf_shader.cpp">
      <Filter>01api</Filter>
    </ClCompile>
    <ClCompile Include="..\glf\01api\glf_shader_uniform.cpp">
      <Filter>01api</Filter>
    </ClCompile>
    <ClCompile Include="..\glf\01api\glf_texture.cpp">
      <Filter>01api</Filter>
    </ClCompile>
    <ClCompile Include="..\glf\01api\glf_vertex_array.cpp">
      <Filter>01api</Filter>
    </ClCompile>
    <ClCompile Include="..\glf\01api\glf_glerror.cpp">
      <Filter>01api</Filter>
    </ClCompile>
    <ClCompile Include="..\glf\00system\glf_assert.cpp">
      <Filter>00system</Filter>
    </ClCompile>
    <ClCompile Include="..\glf\02utility\glf_rect.cpp">
      <Filter>02utility</Filter>
    </ClCompile>
    <ClCompile Include="..\glf\01api\glf_atomic.cpp">
      <Filter>01api</Filter>
    </ClCompile>
    <ClCompile Include="..\glf\01api\glf_image_storage.cpp">
      <Filter>01api</Filter>
    </ClCompile>
    <ClCompile Include="..\glf\02utility\glf_geometry.cpp">
      <Filter>02utility</Filter>
    </ClCompile>
    <ClCompile Include="..\glf\03ui\glf_bfont.cpp">
      <Filter>03ui</Filter>
    </ClCompile>
    <ClCompile Include="..\glf\03ui\glf_label.cpp">
      <Filter>03ui</Filter>
    </ClCompile>
    <ClCompile Include="..\glf\00system\glf_bitmap.cpp">
      <Filter>00system</Filter>
    </ClCompile>
  </ItemGroup>
  <ItemGroup>
    <ClInclude Include="..\glf\02utility\glf_arcball.h">
      <Filter>02utility</Filter>
    </ClInclude>
    <ClInclude Include="..\glf\02utility\glf_camera.h">
      <Filter>02utility</Filter>
    </ClInclude>
    <ClInclude Include="..\glf\00system\glf_log.h">
      <Filter>00system</Filter>
    </ClInclude>
    <ClInclude Include="..\glf\01api\glf_framebuffer.h">
      <Filter>01api</Filter>
    </ClInclude>
    <ClInclude Include="..\glf\01api\glf_shader.h">
      <Filter>01api</Filter>
    </ClInclude>
    <ClInclude Include="..\glf\01api\glf_shader_uniform.h">
      <Filter>01api</Filter>
    </ClInclude>
    <ClInclude Include="..\glf\01api\glf_texture.h">
      <Filter>01api</Filter>
    </ClInclude>
    <ClInclude Include="..\glf\01api\glf_vertex_array.h">
      <Filter>01api</Filter>
    </ClInclude>
    <ClInclude Include="..\glf\01api\glf_glerror.h">
      <Filter>01api</Filter>
    </ClInclude>
    <ClInclude Include="..\glf\00system\glf_assert.h">
      <Filter>00system</Filter>
    </ClInclude>
    <ClInclude Include="..\glf\02utility\glf_rect.h">
      <Filter>02utility</Filter>
    </ClInclude>
    <ClInclude Include="..\glf\01api\glf_atomic.h">
      <Filter>01api</Filter>
    </ClInclude>
    <ClInclude Include="..\glf\01api\glf_image_storage.h">
      <Filter>01api</Filter>
    </ClInclude>
    <ClInclude Include="..\glf\02utility\glf_geometry.h">
      <Filter>02utility</Filter>
    </ClInclude>
    <ClInclude Include="..\glf\03ui\glf_bfont.h">
      <Filter>03ui</Filter>
    </ClInclude>
    <ClInclude Include="..\glf\03ui\glf_label.h">
      <Filter>03ui</Filter>
    </ClInclude>
    <ClInclude Include="..\glf\00system\glf_bitmap.h">
      <Filter>00system</Filter>
    </ClInclude>
    <ClInclude Include="..\glf\glf.h" />
    <ClInclude Include="..\glf\glf_common.h" />
  </ItemGroup>
  <ItemGroup>
    <Filter Include="00system">
      <UniqueIdentifier>{bb9c7ac9-cc70-4393-8e83-28c1e9f2fb94}</UniqueIdentifier>
    </Filter>
    <Filter Include="01api">
      <UniqueIdentifier>{97ace3ff-37ed-4fe8-bc3c-9e1eb9d648f1}</UniqueIdentifier>
    </Filter>
    <Filter Include="02utility">
      <UniqueIdentifier>{ef2c6ff2-70ce-452c-a461-2a2e30100f3d}</UniqueIdentifier>
    </Filter>
    <Filter Include="03ui">
      <UniqueIdentifier>{15e5dfce-6c13-48a2-b232-9d20ce771728}</UniqueIdentifier>
    </Filter>
  </ItemGroup>
</Project>