
Microsoft Visual Studio Solution File, Format Version 11.00
# Visual Studio 2010
Project("{8BC9CEB8-8B4A-11D0-8D11-00A0C91BC942}") = "grass", "grass.vcxproj", "{58CFFED7-2580-43C3-9CAF-91BA45BC31BC}"
EndProject
Project("{8BC9CEB8-8B4A-11D0-8D11-00A0C91BC942}") = "shapemaker", "shapemaker.vcxproj", "{6D7F01B8-B43A-4F14-B2A3-092E57845916}"
EndProject
Project("{8BC9CEB8-8B4A-11D0-8D11-00A0C91BC942}") = "glf", "..\..\..\configs\msvc2010\glf.vcxproj", "{8803E663-CF07-4004-8857-83FA16ED5FAC}"
EndProject
Global
	GlobalSection(SolutionConfigurationPlatforms) = preSolution
		Debug|Win32 = Debug|Win32
		Release|Win32 = Release|Win32
	EndGlobalSection
	GlobalSection(ProjectConfigurationPlatforms) = postSolution
		{58CFFED7-2580-43C3-9CAF-91BA45BC31BC}.Debug|Win32.ActiveCfg = Debug|Win32
		{58CFFED7-2580-43C3-9CAF-91BA45BC31BC}.Debug|Win32.Build.0 = Debug|Win32
		{58CFFED7-2580-43C3-9CAF-91BA45BC31BC}.Release|Win32.ActiveCfg = Release|Win32
		{58CFFED7-2580-43C3-9CAF-91BA45BC31BC}.Release|Win32.Build.0 = Release|Win32
		{6D7F01B8-B43A-4F14-B2A3-092E57845916}.Debug|Win32.ActiveCfg = Debug|Win32
		{6D7F01B8-B43A-4F14-B2A3-092E57845916}.Release|Win32.ActiveCfg = Release|Win32
		{6D7F01B8-B43A-4F14-B2A3-092E57845916}.Release|Win32.Build.0 = Release|Win32
		{8803E663-CF07-4004-8857-83FA16ED5FAC}.Debug|Win32.ActiveCfg = Debug|Win32
		{8803E663-CF07-4004-8857-83FA16ED5FAC}.Debug|Win32.Build.0 = Debug|Win32
		{8803E663-CF07-4004-8857-83FA16ED5FAC}.Release|Win32.ActiveCfg = Release|Win32
		{8803E663-CF07-4004-8857-83FA16ED5FAC}.Release|Win32.Build.0 = Release|Win32
	EndGlobalSection
	GlobalSection(SolutionProperties) = preSolution
		HideSolutionNode = FALSE
	EndGlobalSection
EndGlobal
